# This file is automatically @generated by Poetry.
# It is used for dependency locking in this project.

[[package]]
name = "django"
version = "5.0.9"
description = "A high-level Python web framework"
category = "main"
optional = false
python-versions = ">=3.10"

[[package]]
name = "djangorestframework"
version = "3.15.2"
description = "Web APIs for Django"
category = "main"
optional = false
python-versions = ">=3.8"

[[package]]
name = "djangorestframework-simplejwt"
version = "5.3.1"
description = "JWT auth for DRF"
category = "main"
optional = false
python-versions = ">=3.8"

[[package]]
name = "psycopg2-binary"
version = "2.9.9"
description = "PostgreSQL adapter"
category = "main"
optional = false
python-versions = ">=3.7"

[[package]]
name = "python-dotenv"
version = "1.0.1"
description = "Load env from .env"
category = "main"
optional = false
python-versions = ">=3.8"

[[package]]
name = "django-cors-headers"
version = "4.4.0"
description = "CORS for Django"
category = "main"
optional = false
python-versions = ">=3.8"

[[package]]
name = "pillow"
version = "10.4.0"
description = "Imaging library"
category = "main"
optional = false
python-versions = ">=3.8"

[[package]]
name = "django-filter"
version = "24.3"
description = "Filtering for DRF"
category = "main"
optional = false
python-versions = ">=3.8"

[[package]]
name = "drf-spectacular"
version = "0.27.2"
description = "OpenAPI for DRF"
category = "main"
optional = false
python-versions = ">=3.7"

[[package]]
name = "pytest"
version = "8.3.3"
description = "Testing framework"
category = "dev"
optional = false
python-versions = ">=3.8"

[[package]]
name = "pytest-django"
version = "4.9.0"
description = "pytest plugin for Django"
category = "dev"
optional = false
python-versions = ">=3.8"

[[package]]
name = "gunicorn"
version = "22.0.0"
description = "WSGI HTTP Server"
category = "main"
optional = false
python-versions = ">=3.7"

[[package]]
name = "whitenoise"
version = "6.7.0"
description = "Static file serving"
category = "main"
optional = false
python-versions = ">=3.9"

[metadata]
lock-version = "2.0"
python-versions = "^3.10"
content-hash = "booking-system-lock-hash-placeholder"
